{
  "name": "worldmaking.github.io",
  "version": "1.0.0",
  "lockfileVersion": 1,
  "requires": true,
  "dependencies": {
    "handlebars": {
      "version": "4.0.5",
      "resolved": "https://registry.npmjs.org/handlebars/-/handlebars-4.0.5.tgz",
      "integrity": "sha1-ksbta7FkEQxQ1NjQ+93HCAbG+Oc=",
      "dev": true,
      "requires": {
        "async": "^1.4.0",
        "optimist": "^0.6.1",
        "source-map": "^0.4.4",
        "uglify-js": "^2.6"
      },
      "dependencies": {
        "async": {
          "version": "1.5.2",
          "resolved": "https://registry.npmjs.org/async/-/async-1.5.2.tgz",
          "integrity": "sha1-7GphrlZIDAw8skHJVhjiCJL5Zyo=",
          "dev": true
        },
        "optimist": {
          "version": "0.6.1",
          "resolved": "https://registry.npmjs.org/optimist/-/optimist-0.6.1.tgz",
          "integrity": "sha1-2j6nRob6IaGaERwybpDrFaAZZoY=",
          "dev": true,
          "requires": {
            "minimist": "~0.0.1",
            "wordwrap": "~0.0.2"
          },
          "dependencies": {
            "minimist": {
              "version": "0.0.10",
              "resolved": "https://registry.npmjs.org/minimist/-/minimist-0.0.10.tgz",
              "integrity": "sha1-3j+YVD2/lggr5IrRoMfNqDYwHc8=",
              "dev": true
            },
            "wordwrap": {
              "version": "0.0.3",
              "resolved": "https://registry.npmjs.org/wordwrap/-/wordwrap-0.0.3.tgz",
              "integrity": "sha1-o9XabNXAvAAI03I0u68b7WMFkQc=",
              "dev": true
            }
          }
        },
        "source-map": {
          "version": "0.4.4",
          "resolved": "https://registry.npmjs.org/source-map/-/source-map-0.4.4.tgz",
          "integrity": "sha1-66T12pwNyZneaAMti092FzZSA2s=",
          "dev": true,
          "requires": {
            "amdefine": ">=0.0.4"
          },
          "dependencies": {
            "amdefine": {
              "version": "1.0.0",
              "resolved": "https://registry.npmjs.org/amdefine/-/amdefine-1.0.0.tgz",
              "integrity": "sha1-/RdHRwDLXMnCtwnwvp0jzjwZjDM=",
              "dev": true
            }
          }
        },
        "uglify-js": {
          "version": "2.6.1",
          "resolved": "https://registry.npmjs.org/uglify-js/-/uglify-js-2.6.1.tgz",
          "integrity": "sha1-7bvhiIujUl3tOnv4NrMLNAXTFhs=",
          "dev": true,
          "optional": true,
          "requires": {
            "async": "~0.2.6",
            "source-map": "~0.5.1",
            "uglify-to-browserify": "~1.0.0",
            "yargs": "~3.10.0"
          },
          "dependencies": {
            "async": {
              "version": "0.2.10",
              "resolved": "https://registry.npmjs.org/async/-/async-0.2.10.tgz",
              "integrity": "sha1-trvgsGdLnXGXCMo43owjfLUmw9E=",
              "dev": true,
              "optional": true
            },
            "source-map": {
              "version": "0.5.3",
              "resolved": "https://registry.npmjs.org/source-map/-/source-map-0.5.3.tgz",
              "integrity": "sha1-gmdLhacbC+dsPnQW0V6fUlLrO+A=",
              "dev": true,
              "optional": true
            },
            "uglify-to-browserify": {
              "version": "1.0.2",
              "resolved": "https://registry.npmjs.org/uglify-to-browserify/-/uglify-to-browserify-1.0.2.tgz",
              "integrity": "sha1-bgkk1r2mta/jSeOabWMoUKD4grc=",
              "dev": true,
              "optional": true
            },
            "yargs": {
              "version": "3.10.0",
              "resolved": "https://registry.npmjs.org/yargs/-/yargs-3.10.0.tgz",
              "integrity": "sha1-9+572FfdfB0tOMDnTvvWgdFDH9E=",
              "dev": true,
              "optional": true,
              "requires": {
                "camelcase": "^1.0.2",
                "cliui": "^2.1.0",
                "decamelize": "^1.0.0",
                "window-size": "0.1.0"
              },
              "dependencies": {
                "camelcase": {
                  "version": "1.2.1",
                  "resolved": "https://registry.npmjs.org/camelcase/-/camelcase-1.2.1.tgz",
                  "integrity": "sha1-m7UwTS4LVmmLLHWLCKPqqdqlijk=",
                  "dev": true,
                  "optional": true
                },
                "cliui": {
                  "version": "2.1.0",
                  "resolved": "https://registry.npmjs.org/cliui/-/cliui-2.1.0.tgz",
                  "integrity": "sha1-S0dXYP+AJkx2LDoXGQMukcf+oNE=",
                  "dev": true,
                  "optional": true,
                  "requires": {
                    "center-align": "^0.1.1",
                    "right-align": "^0.1.1",
                    "wordwrap": "0.0.2"
                  },
                  "dependencies": {
                    "center-align": {
                      "version": "0.1.3",
                      "resolved": "https://registry.npmjs.org/center-align/-/center-align-0.1.3.tgz",
                      "integrity": "sha1-qg0yYptu6XIgBBHL1EYckHvCt60=",
                      "dev": true,
                      "optional": true,
                      "requires": {
                        "align-text": "^0.1.3",
                        "lazy-cache": "^1.0.3"
                      },
                      "dependencies": {
                        "align-text": {
                          "version": "0.1.4",
                          "resolved": "https://registry.npmjs.org/align-text/-/align-text-0.1.4.tgz",
                          "integrity": "sha1-DNkKVhCT810KmSVsIrcGlDP60Rc=",
                          "dev": true,
                          "optional": true,
                          "requires": {
                            "kind-of": "^3.0.2",
                            "longest": "^1.0.1",
                            "repeat-string": "^1.5.2"
                          },
                          "dependencies": {
                            "kind-of": {
                              "version": "3.0.2",
                              "resolved": "https://registry.npmjs.org/kind-of/-/kind-of-3.0.2.tgz",
                              "integrity": "sha1-GH20JwRufpCUVpLmdoZovWkA3qA=",
                              "dev": true,
                              "optional": true,
                              "requires": {
                                "is-buffer": "^1.0.2"
                              },
                              "dependencies": {
                                "is-buffer": {
                                  "version": "1.1.2",
                                  "resolved": "https://registry.npmjs.org/is-buffer/-/is-buffer-1.1.2.tgz",
                                  "integrity": "sha1-+hImWI+gBIsAXEfk+xuxVV1e3qo=",
                                  "dev": true,
                                  "optional": true
                                }
                              }
                            },
                            "longest": {
                              "version": "1.0.1",
                              "resolved": "https://registry.npmjs.org/longest/-/longest-1.0.1.tgz",
                              "integrity": "sha1-MKCy2jj3N3DoKUoNIuZiXtd9AJc=",
                              "dev": true,
                              "optional": true
                            },
                            "repeat-string": {
                              "version": "1.5.2",
                              "resolved": "https://registry.npmjs.org/repeat-string/-/repeat-string-1.5.2.tgz",
                              "integrity": "sha1-IQZfcHJ60FOg3V6VesngDHVg2Qo=",
                              "dev": true,
                              "optional": true
                            }
                          }
                        },
                        "lazy-cache": {
                          "version": "1.0.3",
                          "resolved": "https://registry.npmjs.org/lazy-cache/-/lazy-cache-1.0.3.tgz",
                          "integrity": "sha1-6XdUYY+ciGu5mbL/aceLgkU9ZnQ=",
                          "dev": true,
                          "optional": true
                        }
                      }
                    },
                    "right-align": {
                      "version": "0.1.3",
                      "resolved": "https://registry.npmjs.org/right-align/-/right-align-0.1.3.tgz",
                      "integrity": "sha1-YTObci/mo1FWiSENJOFMlhSGE+8=",
                      "dev": true,
                      "optional": true,
                      "requires": {
                        "align-text": "^0.1.1"
                      },
                      "dependencies": {
                        "align-text": {
                          "version": "0.1.4",
                          "resolved": "https://registry.npmjs.org/align-text/-/align-text-0.1.4.tgz",
                          "integrity": "sha1-DNkKVhCT810KmSVsIrcGlDP60Rc=",
                          "dev": true,
                          "optional": true,
                          "requires": {
                            "kind-of": "^3.0.2",
                            "longest": "^1.0.1",
                            "repeat-string": "^1.5.2"
                          },
                          "dependencies": {
                            "kind-of": {
                              "version": "3.0.2",
                              "resolved": "https://registry.npmjs.org/kind-of/-/kind-of-3.0.2.tgz",
                              "integrity": "sha1-GH20JwRufpCUVpLmdoZovWkA3qA=",
                              "dev": true,
                              "optional": true,
                              "requires": {
                                "is-buffer": "^1.0.2"
                              },
                              "dependencies": {
                                "is-buffer": {
                                  "version": "1.1.2",
                                  "resolved": "https://registry.npmjs.org/is-buffer/-/is-buffer-1.1.2.tgz",
                                  "integrity": "sha1-+hImWI+gBIsAXEfk+xuxVV1e3qo=",
                                  "dev": true,
                                  "optional": true
                                }
                              }
                            },
                            "longest": {
                              "version": "1.0.1",
                              "resolved": "https://registry.npmjs.org/longest/-/longest-1.0.1.tgz",
                              "integrity": "sha1-MKCy2jj3N3DoKUoNIuZiXtd9AJc=",
                              "dev": true,
                              "optional": true
                            },
                            "repeat-string": {
                              "version": "1.5.2",
                              "resolved": "https://registry.npmjs.org/repeat-string/-/repeat-string-1.5.2.tgz",
                              "integrity": "sha1-IQZfcHJ60FOg3V6VesngDHVg2Qo=",
                              "dev": true,
                              "optional": true
                            }
                          }
                        }
                      }
                    },
                    "wordwrap": {
                      "version": "0.0.2",
                      "resolved": "https://registry.npmjs.org/wordwrap/-/wordwrap-0.0.2.tgz",
                      "integrity": "sha1-t5Zpu0LstAn4PVg8rVLKF+qhZD8=",
                      "dev": true,
                      "optional": true
                    }
                  }
                },
                "decamelize": {
                  "version": "1.1.2",
                  "resolved": "https://registry.npmjs.org/decamelize/-/decamelize-1.1.2.tgz",
                  "integrity": "sha1-3Mk3J74gljLpiwJxjvTLeWAjIvI=",
                  "dev": true,
                  "optional": true,
                  "requires": {
                    "escape-string-regexp": "^1.0.4"
                  },
                  "dependencies": {
                    "escape-string-regexp": {
                      "version": "1.0.4",
                      "resolved": "https://registry.npmjs.org/escape-string-regexp/-/escape-string-regexp-1.0.4.tgz",
                      "integrity": "sha1-uF5nm0b3LQP7voo79yWdU1whti8=",
                      "dev": true,
                      "optional": true
                    }
                  }
                },
                "window-size": {
                  "version": "0.1.0",
                  "resolved": "https://registry.npmjs.org/window-size/-/window-size-0.1.0.tgz",
                  "integrity": "sha1-VDjNLqk7IC76Ohn+iIeu58lPnJ0=",
                  "dev": true,
                  "optional": true
                }
              }
            }
          }
        }
      }
    },
    "markdown": {
      "version": "0.5.0",
      "resolved": "https://registry.npmjs.org/markdown/-/markdown-0.5.0.tgz",
      "integrity": "sha1-KCBbVlqK51kt4gdGPWY33BgnIrI=",
      "dev": true,
      "requires": {
        "nopt": "~2.1.1"
      },
      "dependencies": {
        "nopt": {
          "version": "2.1.2",
          "resolved": "https://registry.npmjs.org/nopt/-/nopt-2.1.2.tgz",
          "integrity": "sha1-bMzZd7gBMqB3MdbozljCyDA8+a8=",
          "dev": true,
          "requires": {
            "abbrev": "1"
          },
          "dependencies": {
            "abbrev": {
              "version": "1.0.7",
              "resolved": "https://registry.npmjs.org/abbrev/-/abbrev-1.0.7.tgz",
              "integrity": "sha1-W2A1su6dT7XPhZ8Iqb6BsghJGEM=",
              "dev": true
            }
          }
        }
      }
    },
    "marked": {
      "version": "0.3.18",
      "resolved": "https://registry.npmjs.org/marked/-/marked-0.3.18.tgz",
      "integrity": "sha512-49i2QYhfULqaXzNZpxC808PisuCTGT2fgG0zrzdCI9N3rIfAWfW0nggvbXr6zvpynZdOG5+9xNxdzP0kwZnERw=="
    },
    "pegjs": {
      "version": "0.9.0",
      "resolved": "https://registry.npmjs.org/pegjs/-/pegjs-0.9.0.tgz",
      "integrity": "sha1-9q76LjzlYWkgjlIXnf5B+JFBo2k="
    }
  }
}
